<?xml version="1.0" encoding="utf-8"?>
<Project ToolsVersion="4.0" xmlns="http://schemas.microsoft.com/developer/msbuild/2003">
  <ItemGroup>
    <Filter Include="Source Files">
      <UniqueIdentifier>{4FC737F1-C7A5-4376-A066-2A32D752A2FF}</UniqueIdentifier>
      <Extensions>cpp;c;cc;cxx;def;odl;idl;hpj;bat;asm;asmx</Extensions>
    </Filter>
    <Filter Include="Header Files">
      <UniqueIdentifier>{93995380-89BD-4b04-88EB-625FBE52EBFB}</UniqueIdentifier>
      <Extensions>h;hh;hpp;hxx;hm;inl;inc;xsd</Extensions>
    </Filter>
    <Filter Include="Resource Files">
      <UniqueIdentifier>{67DA6AB6-F800-4c08-8B7A-83BB121AAD01}</UniqueIdentifier>
      <Extensions>rc;ico;cur;bmp;dlg;rc2;rct;bin;rgs;gif;jpg;jpeg;jpe;resx;tiff;tif;png;wav;mfcribbon-ms</Extensions>
    </Filter>
  </ItemGroup>
  <ItemGroup>
    <ClInclude Include="Mau\Base\Engine.h">
      <Filter>Header Files</Filter>
    </ClInclude>
    <ClInclude Include="Mau\Base\RenderDevice.h">
      <Filter>Header Files</Filter>
    </ClInclude>
    <ClInclude Include="Mau\Base\State.h">
      <Filter>Header Files</Filter>
    </ClInclude>
    <ClInclude Include="Mau\Base\Types.h">
      <Filter>Header Files</Filter>
    </ClInclude>
    <ClInclude Include="Mau\IO\Log.h">
      <Filter>Header Files</Filter>
    </ClInclude>
    <ClInclude Include="Mau\IO\Resource.h">
      <Filter>Header Files</Filter>
    </ClInclude>
    <ClInclude Include="Mau\IO\ResourceCache.h">
      <Filter>Header Files</Filter>
    </ClInclude>
    <ClInclude Include="Mau\IO\Resources\Texture.h">
      <Filter>Header Files</Filter>
    </ClInclude>
    <ClInclude Include="Mau\Math\Color.h">
      <Filter>Header Files</Filter>
    </ClInclude>
    <ClInclude Include="Mau\Math\Vec2.h">
      <Filter>Header Files</Filter>
    </ClInclude>
    <ClInclude Include="Mau\SDL\SDLSystems.h">
      <Filter>Header Files</Filter>
    </ClInclude>
    <ClInclude Include="Mau\Mau.h">
      <Filter>Header Files</Filter>
    </ClInclude>
    <ClInclude Include="Mau\Logic\Entity.h">
      <Filter>Header Files</Filter>
    </ClInclude>
    <ClInclude Include="Mau\Logic\Level.h">
      <Filter>Header Files</Filter>
    </ClInclude>
    <ClInclude Include="Mau\Logic\Player.h">
      <Filter>Header Files</Filter>
    </ClInclude>
    <ClInclude Include="Mau\States\Gameplay\GameplayState.h">
      <Filter>Header Files</Filter>
    </ClInclude>
    <ClInclude Include="Mau\States\MainMenu\MainMenuState.h">
      <Filter>Header Files</Filter>
    </ClInclude>
    <ClInclude Include="Mau\Math\Rect.h">
      <Filter>Header Files</Filter>
    </ClInclude>
    <ClInclude Include="Mau\Math\Math.h">
      <Filter>Header Files</Filter>
    </ClInclude>
    <ClInclude Include="Mau\States\Story\StoryState.h">
      <Filter>Header Files</Filter>
    </ClInclude>
    <ClInclude Include="Mau\States\Story\Substates\IntroState.h">
      <Filter>Header Files</Filter>
    </ClInclude>
    <ClInclude Include="Mau\States\Story\Substates\AboutState.h">
      <Filter>Header Files</Filter>
    </ClInclude>
    <ClInclude Include="Mau\States\Story\Substates\PreludeState.h">
      <Filter>Header Files</Filter>
    </ClInclude>
    <ClInclude Include="Mau\IO\Resources\TextData.h">
      <Filter>Header Files</Filter>
    </ClInclude>
    <ClInclude Include="Mau\IO\Resources\LexData.h">
      <Filter>Header Files</Filter>
    </ClInclude>
    <ClInclude Include="Mau\IO\Resources\BitmapFont.h">
      <Filter>Header Files</Filter>
    </ClInclude>
    <ClInclude Include="Mau\States\Gameplay\Substates\DialogueState.h">
      <Filter>Header Files</Filter>
    </ClInclude>
    <ClInclude Include="Mau\States\Gameplay\Substates\QuitPromptState.h">
      <Filter>Header Files</Filter>
    </ClInclude>
    <ClInclude Include="Mau\States\Gameplay\Resources\DialogueRepository.h">
      <Filter>Header Files</Filter>
    </ClInclude>
    <ClInclude Include="Mau\Logic\Weapon.h">
      <Filter>Header Files</Filter>
    </ClInclude>
    <ClInclude Include="Mau\Logic\Pickup.h">
      <Filter>Header Files</Filter>
    </ClInclude>
    <ClInclude Include="Mau\Logic\Projectile.h">
      <Filter>Header Files</Filter>
    </ClInclude>
    <ClInclude Include="Mau\Logic\Particle.h">
      <Filter>Header Files</Filter>
    </ClInclude>
    <ClInclude Include="Mau\Logic\Pickups\PickupHealth.h">
      <Filter>Header Files</Filter>
    </ClInclude>
    <ClInclude Include="Mau\Logic\Pickups\PickupWeapons.h">
      <Filter>Header Files</Filter>
    </ClInclude>
    <ClInclude Include="Mau\Logic\Pickups\PickupAmmo.h">
      <Filter>Header Files</Filter>
    </ClInclude>
    <ClInclude Include="Mau\Logic\Monster.h">
      <Filter>Header Files</Filter>
    </ClInclude>
    <ClInclude Include="Mau\Logic\Monsters\Monsters.h">
      <Filter>Header Files</Filter>
    </ClInclude>
    <ClInclude Include="Mau\Logic\Projectiles\Projectiles.h">
      <Filter>Header Files</Filter>
    </ClInclude>
    <ClInclude Include="Mau\Logic\Pickups\PickupRelic.h">
      <Filter>Header Files</Filter>
    </ClInclude>
    <ClInclude Include="Mau\Logic\Pickups\PickupKeycard.h">
      <Filter>Header Files</Filter>
    </ClInclude>
    <ClInclude Include="Mau\IO\Resources\Sound.h">
      <Filter>Header Files</Filter>
    </ClInclude>
    <ClInclude Include="Mau\States\Story\Substates\DeadState.h">
      <Filter>Header Files</Filter>
    </ClInclude>
    <ClInclude Include="Mau\Logic\Pickups\PickupExit.h">
      <Filter>Header Files</Filter>
    </ClInclude>
    <ClInclude Include="Mau\States\Story\Substates\FinishState.h">
      <Filter>Header Files</Filter>
    </ClInclude>
  </ItemGroup>
  <ItemGroup>
    <ClCompile Include="mau-game.cpp">
      <Filter>Source Files</Filter>
    </ClCompile>
    <ClCompile Include="Mau\Base\Engine.cpp">
      <Filter>Source Files</Filter>
    </ClCompile>
    <ClCompile Include="Mau\Base\RenderDevice.cpp">
      <Filter>Source Files</Filter>
    </ClCompile>
    <ClCompile Include="Mau\Base\State.cpp">
      <Filter>Source Files</Filter>
    </ClCompile>
    <ClCompile Include="Mau\IO\Log.cpp">
      <Filter>Source Files</Filter>
    </ClCompile>
    <ClCompile Include="Mau\IO\Resource.cpp">
      <Filter>Source Files</Filter>
    </ClCompile>
    <ClCompile Include="Mau\IO\Resources\Texture.cpp">
      <Filter>Source Files</Filter>
    </ClCompile>
    <ClCompile Include="Mau\SDL\SDLSystems.cpp">
      <Filter>Source Files</Filter>
    </ClCompile>
    <ClCompile Include="Mau\Logic\Entity.cpp">
      <Filter>Source Files</Filter>
    </ClCompile>
    <ClCompile Include="Mau\Logic\Level.cpp">
      <Filter>Source Files</Filter>
    </ClCompile>
    <ClCompile Include="Mau\Logic\Player.cpp">
      <Filter>Source Files</Filter>
    </ClCompile>
    <ClCompile Include="Mau\States\Gameplay\GameplayState.cpp">
      <Filter>Source Files</Filter>
    </ClCompile>
    <ClCompile Include="Mau\States\MainMenu\MainMenuState.cpp">
      <Filter>Source Files</Filter>
    </ClCompile>
    <ClCompile Include="Mau\Math\Rect.cpp">
      <Filter>Source Files</Filter>
    </ClCompile>
    <ClCompile Include="Mau\Math\Math.cpp">
      <Filter>Source Files</Filter>
    </ClCompile>
    <ClCompile Include="Mau\States\Story\StoryState.cpp">
      <Filter>Source Files</Filter>
    </ClCompile>
    <ClCompile Include="Mau\IO\Resources\TextData.cpp">
      <Filter>Source Files</Filter>
    </ClCompile>
    <ClCompile Include="Mau\IO\Resources\LexData.cpp">
      <Filter>Source Files</Filter>
    </ClCompile>
    <ClCompile Include="Mau\IO\Resources\BitmapFont.cpp">
      <Filter>Source Files</Filter>
    </ClCompile>
    <ClCompile Include="Mau\States\Gameplay\Substates\DialogueState.cpp">
      <Filter>Source Files</Filter>
    </ClCompile>
    <ClCompile Include="Mau\States\Gameplay\Substates\QuitPromptState.cpp">
      <Filter>Source Files</Filter>
    </ClCompile>
    <ClCompile Include="Mau\States\Gameplay\Resources\DialogueRepository.cpp">
      <Filter>Source Files</Filter>
    </ClCompile>
    <ClCompile Include="Mau\Logic\Weapon.cpp">
      <Filter>Source Files</Filter>
    </ClCompile>
    <ClCompile Include="Mau\Logic\Pickup.cpp">
      <Filter>Source Files</Filter>
    </ClCompile>
    <ClCompile Include="Mau\Logic\Pickups\PickupWeapons.cpp">
      <Filter>Source Files</Filter>
    </ClCompile>
    <ClCompile Include="Mau\Logic\Projectile.cpp">
      <Filter>Source Files</Filter>
    </ClCompile>
    <ClCompile Include="Mau\Logic\Particle.cpp">
      <Filter>Source Files</Filter>
    </ClCompile>
    <ClCompile Include="Mau\Logic\Pickups\PickupHealth.cpp">
      <Filter>Source Files</Filter>
    </ClCompile>
    <ClCompile Include="Mau\Logic\Pickups\PickupAmmo.cpp">
      <Filter>Source Files</Filter>
    </ClCompile>
    <ClCompile Include="Mau\Logic\Monster.cpp">
      <Filter>Source Files</Filter>
    </ClCompile>
    <ClCompile Include="Mau\Logic\Monsters\Monsters.cpp">
      <Filter>Source Files</Filter>
    </ClCompile>
    <ClCompile Include="Mau\Logic\Projectiles\Projectiles.cpp">
      <Filter>Source Files</Filter>
    </ClCompile>
    <ClCompile Include="Mau\Logic\Pickups\PickupRelic.cpp">
      <Filter>Source Files</Filter>
    </ClCompile>
    <ClCompile Include="Mau\Logic\Pickups\PickupKeycard.cpp">
      <Filter>Source Files</Filter>
    </ClCompile>
    <ClCompile Include="Mau\IO\Resources\Sound.cpp">
      <Filter>Source Files</Filter>
    </ClCompile>
    <ClCompile Include="Mau\Logic\Pickups\PickupExit.cpp">
      <Filter>Source Files</Filter>
    </ClCompile>
  </ItemGroup>
</Project>